{
  "originHash" : "04927e0f32357cad0cd3e8ef95f9dcf32729c48c427cbb8d6bd1d21b119b8e67",
  "pins" : [
    {
      "identity" : "audiokit",
      "kind" : "remoteSourceControl",
      "location" : "https://github.com/AudioKit/AudioKit.git",
      "state" : {
        "revision" : "b2dbaed8cd38077092b6b6e311699ddf5d94dbd7",
        "version" : "5.6.3"
      }
    },
    {
      "identity" : "onefingerrotation",
      "kind" : "remoteSourceControl",
      "location" : "https://github.com/mttfntn/OneFingerRotation",
      "state" : {
        "revision" : "1a1c586f9f58d18bceefed97a0ec49fa732add3e",
        "version" : "1.2.1"
      }
    },
    {
      "identity" : "resizablevector",
      "kind" : "remoteSourceControl",
      "location" : "https://github.com/Matt54/ResizableVector.git",
      "state" : {
        "revision" : "7f223f16efed3035b9bf476ebfb575f67804538d",
        "version" : "1.0.0"
      }
    }
  ],
  "version" : 3
}
